
Microsoft Visual Studio Solution File, Format Version 12.00
# Visual Studio 2012
Project("{FAE04EC0-301F-11D3-BF4B-00C04F79EFBC}") = "CryptorTest", "CryptorTest\CryptorTest.csproj", "{2385CB19-265A-4B17-ADFE-1D3ED3A9FC53}"
EndProject
Project("{FAE04EC0-301F-11D3-BF4B-00C04F79EFBC}") = "DesCryptor", "DesCryptor\DesCryptor.csproj", "{FCBB449E-E75A-409F-B380-A5C07DC0AA0C}"
EndProject
Project("{FAE04EC0-301F-11D3-BF4B-00C04F79EFBC}") = "NAudioTest", "NAudioTest\NAudioTest.csproj", "{A99E130A-9DA2-4065-B496-463A88AC6E72}"
EndProject
Project("{FAE04EC0-301F-11D3-BF4B-00C04F79EFBC}") = "ID3Tags", "ID3Tags\ID3Tags\ID3Tags.csproj", "{98F7EC98-FB7E-41FB-80B5-F3492F2CB1B2}"
EndProject
Global
	GlobalSection(SolutionConfigurationPlatforms) = preSolution
		Debug|Any CPU = Debug|Any CPU
		Release|Any CPU = Release|Any CPU
	EndGlobalSection
	GlobalSection(ProjectConfigurationPlatforms) = postSolution
		{2385CB19-265A-4B17-ADFE-1D3ED3A9FC53}.Debug|Any CPU.ActiveCfg = Debug|Any CPU
		{2385CB19-265A-4B17-ADFE-1D3ED3A9FC53}.Debug|Any CPU.Build.0 = Debug|Any CPU
		{2385CB19-265A-4B17-ADFE-1D3ED3A9FC53}.Release|Any CPU.ActiveCfg = Release|Any CPU
		{2385CB19-265A-4B17-ADFE-1D3ED3A9FC53}.Release|Any CPU.Build.0 = Release|Any CPU
		{FCBB449E-E75A-409F-B380-A5C07DC0AA0C}.Debug|Any CPU.ActiveCfg = Debug|Any CPU
		{FCBB449E-E75A-409F-B380-A5C07DC0AA0C}.Debug|Any CPU.Build.0 = Debug|Any CPU
		{FCBB449E-E75A-409F-B380-A5C07DC0AA0C}.Release|Any CPU.ActiveCfg = Release|Any CPU
		{FCBB449E-E75A-409F-B380-A5C07DC0AA0C}.Release|Any CPU.Build.0 = Release|Any CPU
		{A99E130A-9DA2-4065-B496-463A88AC6E72}.Debug|Any CPU.ActiveCfg = Debug|Any CPU
		{A99E130A-9DA2-4065-B496-463A88AC6E72}.Debug|Any CPU.Build.0 = Debug|Any CPU
		{A99E130A-9DA2-4065-B496-463A88AC6E72}.Release|Any CPU.ActiveCfg = Release|Any CPU
		{A99E130A-9DA2-4065-B496-463A88AC6E72}.Release|Any CPU.Build.0 = Release|Any CPU
		{98F7EC98-FB7E-41FB-80B5-F3492F2CB1B2}.Debug|Any CPU.ActiveCfg = Debug|Any CPU
		{98F7EC98-FB7E-41FB-80B5-F3492F2CB1B2}.Debug|Any CPU.Build.0 = Debug|Any CPU
		{98F7EC98-FB7E-41FB-80B5-F3492F2CB1B2}.Release|Any CPU.ActiveCfg = Release|Any CPU
		{98F7EC98-FB7E-41FB-80B5-F3492F2CB1B2}.Release|Any CPU.Build.0 = Release|Any CPU
	EndGlobalSection
	GlobalSection(SolutionProperties) = preSolution
		HideSolutionNode = FALSE
	EndGlobalSection
EndGlobal
